// !$*UTF8*$!
{
	archiveVersion = 1;
	classes = {
	};
	objectVersion = 56;
	objects = {

/* Begin PBXBuildFile section */
		4BD5E8EC2A3B60720022EF94 /* SimulatorPerformanceApp.swift in Sources */ = {isa = PBXBuildFile; fileRef = 4BD5E8EB2A3B60720022EF94 /* SimulatorPerformanceApp.swift */; };
		4BD5E8EE2A3B60720022EF94 /* ContentView.swift in Sources */ = {isa = PBXBuildFile; fileRef = 4BD5E8ED2A3B60720022EF94 /* ContentView.swift */; };
		4BD5E8F02A3B60730022EF94 /* Assets.xcassets in Resources */ = {isa = PBXBuildFile; fileRef = 4BD5E8EF2A3B60730022EF94 /* Assets.xcassets */; };
		4BD5E8F32A3B60730022EF94 /* Preview Assets.xcassets in Resources */ = {isa = PBXBuildFile; fileRef = 4BD5E8F22A3B60730022EF94 /* Preview Assets.xcassets */; };
		4BD5E9072A3B60730022EF94 /* SimulatorPerformanceUITests.swift in Sources */ = {isa = PBXBuildFile; fileRef = 4BD5E9062A3B60730022EF94 /* SimulatorPerformanceUITests.swift */; };
/* End PBXBuildFile section */

/* Begin PBXContainerItemProxy section */
		4BD5E9032A3B60730022EF94 /* PBXContainerItemProxy */ = {
			isa = PBXContainerItemProxy;
			containerPortal = 4BD5E8E02A3B60720022EF94 /* Project object */;
			proxyType = 1;
			remoteGlobalIDString = 4BD5E8E72A3B60720022EF94;
			remoteInfo = SimulatorPerformance;
		};
/* End PBXContainerItemProxy section */

/* Begin PBXFileReference section */
		4B7391882A3B685300A1BEB7 /* SimulatorPerformance.xctestplan */ = {isa = PBXFileReference; lastKnownFileType = text; path = SimulatorPerformance.xctestplan; sourceTree = "<group>"; };
		4BB776222A3CDFD000D846DC /* Default.xctestplan */ = {isa = PBXFileReference; lastKnownFileType = text; path = Default.xctestplan; sourceTree = "<group>"; };
		4BD5E8E82A3B60720022EF94 /* SimulatorPerformance.app */ = {isa = PBXFileReference; explicitFileType = wrapper.application; includeInIndex = 0; path = SimulatorPerformance.app; sourceTree = BUILT_PRODUCTS_DIR; };
		4BD5E8EB2A3B60720022EF94 /* SimulatorPerformanceApp.swift */ = {isa = PBXFileReference; lastKnownFileType = sourcecode.swift; path = SimulatorPerformanceApp.swift; sourceTree = "<group>"; };
		4BD5E8ED2A3B60720022EF94 /* ContentView.swift */ = {isa = PBXFileReference; lastKnownFileType = sourcecode.swift; path = ContentView.swift; sourceTree = "<group>"; };
		4BD5E8EF2A3B60730022EF94 /* Assets.xcassets */ = {isa = PBXFileReference; lastKnownFileType = folder.assetcatalog; path = Assets.xcassets; sourceTree = "<group>"; };
		4BD5E8F22A3B60730022EF94 /* Preview Assets.xcassets */ = {isa = PBXFileReference; lastKnownFileType = folder.assetcatalog; path = "Preview Assets.xcassets"; sourceTree = "<group>"; };
		4BD5E9022A3B60730022EF94 /* SimulatorPerformanceUITests.xctest */ = {isa = PBXFileReference; explicitFileType = wrapper.cfbundle; includeInIndex = 0; path = SimulatorPerformanceUITests.xctest; sourceTree = BUILT_PRODUCTS_DIR; };
		4BD5E9062A3B60730022EF94 /* SimulatorPerformanceUITests.swift */ = {isa = PBXFileReference; lastKnownFileType = sourcecode.swift; path = SimulatorPerformanceUITests.swift; sourceTree = "<group>"; };
/* End PBXFileReference section */

/* Begin PBXFrameworksBuildPhase section */
		4BD5E8E52A3B60720022EF94 /* Frameworks */ = {
			isa = PBXFrameworksBuildPhase;
			buildActionMask = 2147483647;
			files = (
			);
			runOnlyForDeploymentPostprocessing = 0;
		};
		4BD5E8FF2A3B60730022EF94 /* Frameworks */ = {
			isa = PBXFrameworksBuildPhase;
			buildActionMask = 2147483647;
			files = (
			);
			runOnlyForDeploymentPostprocessing = 0;
		};
/* End PBXFrameworksBuildPhase section */

/* Begin PBXGroup section */
		4BD5E8DF2A3B60720022EF94 = {
			isa = PBXGroup;
			children = (
				4BB776222A3CDFD000D846DC /* Default.xctestplan */,
				4B7391882A3B685300A1BEB7 /* SimulatorPerformance.xctestplan */,
				4BD5E8EA2A3B60720022EF94 /* SimulatorPerformance */,
				4BD5E9052A3B60730022EF94 /* SimulatorPerformanceUITests */,
				4BD5E8E92A3B60720022EF94 /* Products */,
			);
			sourceTree = "<group>";
		};
		4BD5E8E92A3B60720022EF94 /* Products */ = {
			isa = PBXGroup;
			children = (
				4BD5E8E82A3B60720022EF94 /* SimulatorPerformance.app */,
				4BD5E9022A3B60730022EF94 /* SimulatorPerformanceUITests.xctest */,
			);
			name = Products;
			sourceTree = "<group>";
		};
		4BD5E8EA2A3B60720022EF94 /* SimulatorPerformance */ = {
			isa = PBXGroup;
			children = (
				4BD5E8EB2A3B60720022EF94 /* SimulatorPerformanceApp.swift */,
				4BD5E8ED2A3B60720022EF94 /* ContentView.swift */,
				4BD5E8EF2A3B60730022EF94 /* Assets.xcassets */,
				4BD5E8F12A3B60730022EF94 /* Preview Content */,
			);
			path = SimulatorPerformance;
			sourceTree = "<group>";
		};
		4BD5E8F12A3B60730022EF94 /* Preview Content */ = {
			isa = PBXGroup;
			children = (
				4BD5E8F22A3B60730022EF94 /* Preview Assets.xcassets */,
			);
			path = "Preview Content";
			sourceTree = "<group>";
		};
		4BD5E9052A3B60730022EF94 /* SimulatorPerformanceUITests */ = {
			isa = PBXGroup;
			children = (
				4BD5E9062A3B60730022EF94 /* SimulatorPerformanceUITests.swift */,
			);
			path = SimulatorPerformanceUITests;
			sourceTree = "<group>";
		};
/* End PBXGroup section */

/* Begin PBXNativeTarget section */
		4BD5E8E72A3B60720022EF94 /* SimulatorPerformance */ = {
			isa = PBXNativeTarget;
			buildConfigurationList = 4BD5E90C2A3B60730022EF94 /* Build configuration list for PBXNativeTarget "SimulatorPerformance" */;
			buildPhases = (
				4BD5E8E42A3B60720022EF94 /* Sources */,
				4BD5E8E52A3B60720022EF94 /* Frameworks */,
				4BD5E8E62A3B60720022EF94 /* Resources */,
			);
			buildRules = (
			);
			dependencies = (
			);
			name = SimulatorPerformance;
			productName = SimulatorPerformance;
			productReference = 4BD5E8E82A3B60720022EF94 /* SimulatorPerformance.app */;
			productType = "com.apple.product-type.application";
		};
		4BD5E9012A3B60730022EF94 /* SimulatorPerformanceUITests */ = {
			isa = PBXNativeTarget;
			buildConfigurationList = 4BD5E9122A3B60730022EF94 /* Build configuration list for PBXNativeTarget "SimulatorPerformanceUITests" */;
			buildPhases = (
				4BD5E8FE2A3B60730022EF94 /* Sources */,
				4BD5E8FF2A3B60730022EF94 /* Frameworks */,
				4BD5E9002A3B60730022EF94 /* Resources */,
			);
			buildRules = (
			);
			dependencies = (
				4BD5E9042A3B60730022EF94 /* PBXTargetDependency */,
			);
			name = SimulatorPerformanceUITests;
			productName = SimulatorPerformanceUITests;
			productReference = 4BD5E9022A3B60730022EF94 /* SimulatorPerformanceUITests.xctest */;
			productType = "com.apple.product-type.bundle.ui-testing";
		};
/* End PBXNativeTarget section */

/* Begin PBXProject section */
		4BD5E8E02A3B60720022EF94 /* Project object */ = {
			isa = PBXProject;
			attributes = {
				BuildIndependentTargetsInParallel = 1;
				LastSwiftUpdateCheck = 1430;
				LastUpgradeCheck = 1430;
				TargetAttributes = {
					4BD5E8E72A3B60720022EF94 = {
						CreatedOnToolsVersion = 14.3.1;
					};
					4BD5E9012A3B60730022EF94 = {
						CreatedOnToolsVersion = 14.3.1;
						TestTargetID = 4BD5E8E72A3B60720022EF94;
					};
				};
			};
			buildConfigurationList = 4BD5E8E32A3B60720022EF94 /* Build configuration list for PBXProject "SimulatorPerformance" */;
			compatibilityVersion = "Xcode 14.0";
			developmentRegion = en;
			hasScannedForEncodings = 0;
			knownRegions = (
				en,
				Base,
			);
			mainGroup = 4BD5E8DF2A3B60720022EF94;
			productRefGroup = 4BD5E8E92A3B60720022EF94 /* Products */;
			projectDirPath = "";
			projectRoot = "";
			targets = (
				4BD5E8E72A3B60720022EF94 /* SimulatorPerformance */,
				4BD5E9012A3B60730022EF94 /* SimulatorPerformanceUITests */,
			);
		};
/* End PBXProject section */

/* Begin PBXResourcesBuildPhase section */
		4BD5E8E62A3B60720022EF94 /* Resources */ = {
			isa = PBXResourcesBuildPhase;
			buildActionMask = 2147483647;
			files = (
				4BD5E8F32A3B60730022EF94 /* Preview Assets.xcassets in Resources */,
				4BD5E8F02A3B60730022EF94 /* Assets.xcassets in Resources */,
			);
			runOnlyForDeploymentPostprocessing = 0;
		};
		4BD5E9002A3B60730022EF94 /* Resources */ = {
			isa = PBXResourcesBuildPhase;
			buildActionMask = 2147483647;
			files = (
			);
			runOnlyForDeploymentPostprocessing = 0;
		};
/* End PBXResourcesBuildPhase section */

/* Begin PBXSourcesBuildPhase section */
		4BD5E8E42A3B60720022EF94 /* Sources */ = {
			isa = PBXSourcesBuildPhase;
			buildActionMask = 2147483647;
			files = (
				4BD5E8EE2A3B60720022EF94 /* ContentView.swift in Sources */,
				4BD5E8EC2A3B60720022EF94 /* SimulatorPerformanceApp.swift in Sources */,
			);
			runOnlyForDeploymentPostprocessing = 0;
		};
		4BD5E8FE2A3B60730022EF94 /* Sources */ = {
			isa = PBXSourcesBuildPhase;
			buildActionMask = 2147483647;
			files = (
				4BD5E9072A3B60730022EF94 /* SimulatorPerformanceUITests.swift in Sources */,
			);
			runOnlyForDeploymentPostprocessing = 0;
		};
/* End PBXSourcesBuildPhase section */

/* Begin PBXTargetDependency section */
		4BD5E9042A3B60730022EF94 /* PBXTargetDependency */ = {
			isa = PBXTargetDependency;
			target = 4BD5E8E72A3B60720022EF94 /* SimulatorPerformance */;
			targetProxy = 4BD5E9032A3B60730022EF94 /* PBXContainerItemProxy */;
		};
/* End PBXTargetDependency section */

/* Begin XCBuildConfiguration section */
		4BD5E90A2A3B60730022EF94 /* Debug */ = {
			isa = XCBuildConfiguration;
			buildSettings = {
				ALWAYS_SEARCH_USER_PATHS = NO;
				CLANG_ANALYZER_NONNULL = YES;
				CLANG_ANALYZER_NUMBER_OBJECT_CONVERSION = YES_AGGRESSIVE;
				CLANG_CXX_LANGUAGE_STANDARD = "gnu++20";
				CLANG_ENABLE_MODULES = YES;
				CLANG_ENABLE_OBJC_ARC = YES;
				CLANG_ENABLE_OBJC_WEAK = YES;
				CLANG_WARN_BLOCK_CAPTURE_AUTORELEASING = YES;
				CLANG_WARN_BOOL_CONVERSION = YES;
				CLANG_WARN_COMMA = YES;
				CLANG_WARN_CONSTANT_CONVERSION = YES;
				CLANG_WARN_DEPRECATED_OBJC_IMPLEMENTATIONS = YES;
				CLANG_WARN_DIRECT_OBJC_ISA_USAGE = YES_ERROR;
				CLANG_WARN_DOCUMENTATION_COMMENTS = YES;
				CLANG_WARN_EMPTY_BODY = YES;
				CLANG_WARN_ENUM_CONVERSION = YES;
				CLANG_WARN_INFINITE_RECURSION = YES;
				CLANG_WARN_INT_CONVERSION = YES;
				CLANG_WARN_NON_LITERAL_NULL_CONVERSION = YES;
				CLANG_WARN_OBJC_IMPLICIT_RETAIN_SELF = YES;
				CLANG_WARN_OBJC_LITERAL_CONVERSION = YES;
				CLANG_WARN_OBJC_ROOT_CLASS = YES_ERROR;
				CLANG_WARN_QUOTED_INCLUDE_IN_FRAMEWORK_HEADER = YES;
				CLANG_WARN_RANGE_LOOP_ANALYSIS = YES;
				CLANG_WARN_STRICT_PROTOTYPES = YES;
				CLANG_WARN_SUSPICIOUS_MOVE = YES;
				CLANG_WARN_UNGUARDED_AVAILABILITY = YES_AGGRESSIVE;
				CLANG_WARN_UNREACHABLE_CODE = YES;
				CLANG_WARN__DUPLICATE_METHOD_MATCH = YES;
				COPY_PHASE_STRIP = NO;
				DEBUG_INFORMATION_FORMAT = dwarf;
				ENABLE_STRICT_OBJC_MSGSEND = YES;
				ENABLE_TESTABILITY = YES;
				GCC_C_LANGUAGE_STANDARD = gnu11;
				GCC_DYNAMIC_NO_PIC = NO;
				GCC_NO_COMMON_BLOCKS = YES;
				GCC_OPTIMIZATION_LEVEL = 0;
				GCC_PREPROCESSOR_DEFINITIONS = (
					"DEBUG=1",
					"$(inherited)",
				);
				GCC_WARN_64_TO_32_BIT_CONVERSION = YES;
				GCC_WARN_ABOUT_RETURN_TYPE = YES_ERROR;
				GCC_WARN_UNDECLARED_SELECTOR = YES;
				GCC_WARN_UNINITIALIZED_AUTOS = YES_AGGRESSIVE;
				GCC_WARN_UNUSED_FUNCTION = YES;
				GCC_WARN_UNUSED_VARIABLE = YES;
				IPHONEOS_DEPLOYMENT_TARGET = 15.5;
				MTL_ENABLE_DEBUG_INFO = INCLUDE_SOURCE;
				MTL_FAST_MATH = YES;
				ONLY_ACTIVE_ARCH = YES;
				SDKROOT = iphoneos;
				SWIFT_ACTIVE_COMPILATION_CONDITIONS = DEBUG;
				SWIFT_OPTIMIZATION_LEVEL = "-Onone";
			};
			name = Debug;
		};
		4BD5E90B2A3B60730022EF94 /* Release */ = {
			isa = XCBuildConfiguration;
			buildSettings = {
				ALWAYS_SEARCH_USER_PATHS = NO;
				CLANG_ANALYZER_NONNULL = YES;
				CLANG_ANALYZER_NUMBER_OBJECT_CONVERSION = YES_AGGRESSIVE;
				CLANG_CXX_LANGUAGE_STANDARD = "gnu++20";
				CLANG_ENABLE_MODULES = YES;
				CLANG_ENABLE_OBJC_ARC = YES;
				CLANG_ENABLE_OBJC_WEAK = YES;
				CLANG_WARN_BLOCK_CAPTURE_AUTORELEASING = YES;
				CLANG_WARN_BOOL_CONVERSION = YES;
				CLANG_WARN_COMMA = YES;
				CLANG_WARN_CONSTANT_CONVERSION = YES;
				CLANG_WARN_DEPRECATED_OBJC_IMPLEMENTATIONS = YES;
				CLANG_WARN_DIRECT_OBJC_ISA_USAGE = YES_ERROR;
				CLANG_WARN_DOCUMENTATION_COMMENTS = YES;
				CLANG_WARN_EMPTY_BODY = YES;
				CLANG_WARN_ENUM_CONVERSION = YES;
				CLANG_WARN_INFINITE_RECURSION = YES;
				CLANG_WARN_INT_CONVERSION = YES;
				CLANG_WARN_NON_LITERAL_NULL_CONVERSION = YES;
				CLANG_WARN_OBJC_IMPLICIT_RETAIN_SELF = YES;
				CLANG_WARN_OBJC_LITERAL_CONVERSION = YES;
				CLANG_WARN_OBJC_ROOT_CLASS = YES_ERROR;
				CLANG_WARN_QUOTED_INCLUDE_IN_FRAMEWORK_HEADER = YES;
				CLANG_WARN_RANGE_LOOP_ANALYSIS = YES;
				CLANG_WARN_STRICT_PROTOTYPES = YES;
				CLANG_WARN_SUSPICIOUS_MOVE = YES;
				CLANG_WARN_UNGUARDED_AVAILABILITY = YES_AGGRESSIVE;
				CLANG_WARN_UNREACHABLE_CODE = YES;
				CLANG_WARN__DUPLICATE_METHOD_MATCH = YES;
				COPY_PHASE_STRIP = NO;
				DEBUG_INFORMATION_FORMAT = "dwarf-with-dsym";
				ENABLE_NS_ASSERTIONS = NO;
				ENABLE_STRICT_OBJC_MSGSEND = YES;
				GCC_C_LANGUAGE_STANDARD = gnu11;
				GCC_NO_COMMON_BLOCKS = YES;
				GCC_WARN_64_TO_32_BIT_CONVERSION = YES;
				GCC_WARN_ABOUT_RETURN_TYPE = YES_ERROR;
				GCC_WARN_UNDECLARED_SELECTOR = YES;
				GCC_WARN_UNINITIALIZED_AUTOS = YES_AGGRESSIVE;
				GCC_WARN_UNUSED_FUNCTION = YES;
				GCC_WARN_UNUSED_VARIABLE = YES;
				IPHONEOS_DEPLOYMENT_TARGET = 15.5;
				MTL_ENABLE_DEBUG_INFO = NO;
				MTL_FAST_MATH = YES;
				SDKROOT = iphoneos;
				SWIFT_COMPILATION_MODE = wholemodule;
				SWIFT_OPTIMIZATION_LEVEL = "-O";
				VALIDATE_PRODUCT = YES;
			};
			name = Release;
		};
		4BD5E90D2A3B60730022EF94 /* Debug */ = {
			isa = XCBuildConfiguration;
			buildSettings = {
				ASSETCATALOG_COMPILER_APPICON_NAME = AppIcon;
				ASSETCATALOG_COMPILER_GLOBAL_ACCENT_COLOR_NAME = AccentColor;
				CODE_SIGN_STYLE = Automatic;
				CURRENT_PROJECT_VERSION = 1;
				DEVELOPMENT_ASSET_PATHS = "\"SimulatorPerformance/Preview Content\"";
				ENABLE_PREVIEWS = YES;
				GENERATE_INFOPLIST_FILE = YES;
				INFOPLIST_KEY_UIApplicationSceneManifest_Generation = YES;
				INFOPLIST_KEY_UIApplicationSupportsIndirectInputEvents = YES;
				INFOPLIST_KEY_UILaunchScreen_Generation = YES;
				INFOPLIST_KEY_UISupportedInterfaceOrientations_iPad = "UIInterfaceOrientationPortrait UIInterfaceOrientationPortraitUpsideDown UIInterfaceOrientationLandscapeLeft UIInterfaceOrientationLandscapeRight";
				INFOPLIST_KEY_UISupportedInterfaceOrientations_iPhone = "UIInterfaceOrientationPortrait UIInterfaceOrientationLandscapeLeft UIInterfaceOrientationLandscapeRight";
				LD_RUNPATH_SEARCH_PATHS = (
					"$(inherited)",
					"@executable_path/Frameworks",
				);
				MARKETING_VERSION = 1.0;
				PRODUCT_BUNDLE_IDENTIFIER = io.bitrise.SimulatorPerformance;
				PRODUCT_NAME = "$(TARGET_NAME)";
				SWIFT_EMIT_LOC_STRINGS = YES;
				SWIFT_VERSION = 5.0;
				TARGETED_DEVICE_FAMILY = "1,2";
			};
			name = Debug;
		};
		4BD5E90E2A3B60730022EF94 /* Release */ = {
			isa = XCBuildConfiguration;
			buildSettings = {
				ASSETCATALOG_COMPILER_APPICON_NAME = AppIcon;
				ASSETCATALOG_COMPILER_GLOBAL_ACCENT_COLOR_NAME = AccentColor;
				CODE_SIGN_STYLE = Automatic;
				CURRENT_PROJECT_VERSION = 1;
				DEVELOPMENT_ASSET_PATHS = "\"SimulatorPerformance/Preview Content\"";
				ENABLE_PREVIEWS = YES;
				GENERATE_INFOPLIST_FILE = YES;
				INFOPLIST_KEY_UIApplicationSceneManifest_Generation = YES;
				INFOPLIST_KEY_UIApplicationSupportsIndirectInputEvents = YES;
				INFOPLIST_KEY_UILaunchScreen_Generation = YES;
				INFOPLIST_KEY_UISupportedInterfaceOrientations_iPad = "UIInterfaceOrientationPortrait UIInterfaceOrientationPortraitUpsideDown UIInterfaceOrientationLandscapeLeft UIInterfaceOrientationLandscapeRight";
				INFOPLIST_KEY_UISupportedInterfaceOrientations_iPhone = "UIInterfaceOrientationPortrait UIInterfaceOrientationLandscapeLeft UIInterfaceOrientationLandscapeRight";
				LD_RUNPATH_SEARCH_PATHS = (
					"$(inherited)",
					"@executable_path/Frameworks",
				);
				MARKETING_VERSION = 1.0;
				PRODUCT_BUNDLE_IDENTIFIER = io.bitrise.SimulatorPerformance;
				PRODUCT_NAME = "$(TARGET_NAME)";
				SWIFT_EMIT_LOC_STRINGS = YES;
				SWIFT_VERSION = 5.0;
				TARGETED_DEVICE_FAMILY = "1,2";
			};
			name = Release;
		};
		4BD5E9132A3B60730022EF94 /* Debug */ = {
			isa = XCBuildConfiguration;
			buildSettings = {
				ALWAYS_EMBED_SWIFT_STANDARD_LIBRARIES = YES;
				CODE_SIGN_STYLE = Automatic;
				CURRENT_PROJECT_VERSION = 1;
				GENERATE_INFOPLIST_FILE = YES;
				MARKETING_VERSION = 1.0;
				PRODUCT_BUNDLE_IDENTIFIER = io.bitrise.SimulatorPerformanceUITests;
				PRODUCT_NAME = "$(TARGET_NAME)";
				SWIFT_EMIT_LOC_STRINGS = NO;
				SWIFT_VERSION = 5.0;
				TARGETED_DEVICE_FAMILY = "1,2";
				TEST_TARGET_NAME = SimulatorPerformance;
			};
			name = Debug;
		};
		4BD5E9142A3B60730022EF94 /* Release */ = {
			isa = XCBuildConfiguration;
			buildSettings = {
				ALWAYS_EMBED_SWIFT_STANDARD_LIBRARIES = YES;
				CODE_SIGN_STYLE = Automatic;
				CURRENT_PROJECT_VERSION = 1;
				GENERATE_INFOPLIST_FILE = YES;
				MARKETING_VERSION = 1.0;
				PRODUCT_BUNDLE_IDENTIFIER = io.bitrise.SimulatorPerformanceUITests;
				PRODUCT_NAME = "$(TARGET_NAME)";
				SWIFT_EMIT_LOC_STRINGS = NO;
				SWIFT_VERSION = 5.0;
				TARGETED_DEVICE_FAMILY = "1,2";
				TEST_TARGET_NAME = SimulatorPerformance;
			};
			name = Release;
		};
/* End XCBuildConfiguration section */

/* Begin XCConfigurationList section */
		4BD5E8E32A3B60720022EF94 /* Build configuration list for PBXProject "SimulatorPerformance" */ = {
			isa = XCConfigurationList;
			buildConfigurations = (
				4BD5E90A2A3B60730022EF94 /* Debug */,
				4BD5E90B2A3B60730022EF94 /* Release */,
			);
			defaultConfigurationIsVisible = 0;
			defaultConfigurationName = Debug;
		};
		4BD5E90C2A3B60730022EF94 /* Build configuration list for PBXNativeTarget "SimulatorPerformance" */ = {
			isa = XCConfigurationList;
			buildConfigurations = (
				4BD5E90D2A3B60730022EF94 /* Debug */,
				4BD5E90E2A3B60730022EF94 /* Release */,
			);
			defaultConfigurationIsVisible = 0;
			defaultConfigurationName = Debug;
		};
		4BD5E9122A3B60730022EF94 /* Build configuration list for PBXNativeTarget "SimulatorPerformanceUITests" */ = {
			isa = XCConfigurationList;
			buildConfigurations = (
				4BD5E9132A3B60730022EF94 /* Debug */,
				4BD5E9142A3B60730022EF94 /* Release */,
			);
			defaultConfigurationIsVisible = 0;
			defaultConfigurationName = Debug;
		};
/* End XCConfigurationList section */
	};
	rootObject = 4BD5E8E02A3B60720022EF94 /* Project object */;
}
